
Microsoft Visual Studio Solution File, Format Version 12.00
# Visual Studio Version 17
VisualStudioVersion = 17.10.35013.160
MinimumVisualStudioVersion = 10.0.40219.1
Project("{FAE04EC0-301F-11D3-BF4B-00C04F79EFBC}") = "TaskManagement.Api", "TaskManagement.Api.csproj", "{06FF4918-70F6-4A34-9306-4FD39E346BB7}"
EndProject
Project("{FAE04EC0-301F-11D3-BF4B-00C04F79EFBC}") = "TaskManagement.Domain", "..\TaskManagement.Domain\TaskManagement.Domain.csproj", "{3CD5F1B5-16C0-4E64-9AE7-188DF6C1FAF2}"
EndProject
Project("{FAE04EC0-301F-11D3-BF4B-00C04F79EFBC}") = "TaskManagement.Infrastructure.MongoDB", "..\TaskManagement.Infrastructure\TaskManagement.Infrastructure.MongoDB.csproj", "{B4E57EF8-CBFA-4076-8A1B-4951BFE9CB36}"
EndProject
Project("{FAE04EC0-301F-11D3-BF4B-00C04F79EFBC}") = "TaskManagement.Application", "..\TaskManagement.Application\TaskManagement.Application.csproj", "{375F13DE-A2D3-405F-A9D8-717541FB3564}"
EndProject
Project("{FAE04EC0-301F-11D3-BF4B-00C04F79EFBC}") = "TeskManagement.Tests", "..\TeskManagement.Tests\TeskManagement.Tests.csproj", "{98ED8C7E-F561-4003-9A0A-5B995F9474B3}"
EndProject
Project("{FAE04EC0-301F-11D3-BF4B-00C04F79EFBC}") = "TaskManagement.IoC", "..\TaskManagement.IoC\TaskManagement.IoC.csproj", "{9C2F2DFE-7B03-4453-BA85-8751B6A481DF}"
EndProject
Global
	GlobalSection(SolutionConfigurationPlatforms) = preSolution
		Debug|Any CPU = Debug|Any CPU
		Release|Any CPU = Release|Any CPU
	EndGlobalSection
	GlobalSection(ProjectConfigurationPlatforms) = postSolution
		{06FF4918-70F6-4A34-9306-4FD39E346BB7}.Debug|Any CPU.ActiveCfg = Debug|Any CPU
		{06FF4918-70F6-4A34-9306-4FD39E346BB7}.Debug|Any CPU.Build.0 = Debug|Any CPU
		{06FF4918-70F6-4A34-9306-4FD39E346BB7}.Release|Any CPU.ActiveCfg = Release|Any CPU
		{06FF4918-70F6-4A34-9306-4FD39E346BB7}.Release|Any CPU.Build.0 = Release|Any CPU
		{3CD5F1B5-16C0-4E64-9AE7-188DF6C1FAF2}.Debug|Any CPU.ActiveCfg = Debug|Any CPU
		{3CD5F1B5-16C0-4E64-9AE7-188DF6C1FAF2}.Debug|Any CPU.Build.0 = Debug|Any CPU
		{3CD5F1B5-16C0-4E64-9AE7-188DF6C1FAF2}.Release|Any CPU.ActiveCfg = Release|Any CPU
		{3CD5F1B5-16C0-4E64-9AE7-188DF6C1FAF2}.Release|Any CPU.Build.0 = Release|Any CPU
		{B4E57EF8-CBFA-4076-8A1B-4951BFE9CB36}.Debug|Any CPU.ActiveCfg = Debug|Any CPU
		{B4E57EF8-CBFA-4076-8A1B-4951BFE9CB36}.Debug|Any CPU.Build.0 = Debug|Any CPU
		{B4E57EF8-CBFA-4076-8A1B-4951BFE9CB36}.Release|Any CPU.ActiveCfg = Release|Any CPU
		{B4E57EF8-CBFA-4076-8A1B-4951BFE9CB36}.Release|Any CPU.Build.0 = Release|Any CPU
		{375F13DE-A2D3-405F-A9D8-717541FB3564}.Debug|Any CPU.ActiveCfg = Debug|Any CPU
		{375F13DE-A2D3-405F-A9D8-717541FB3564}.Debug|Any CPU.Build.0 = Debug|Any CPU
		{375F13DE-A2D3-405F-A9D8-717541FB3564}.Release|Any CPU.ActiveCfg = Release|Any CPU
		{375F13DE-A2D3-405F-A9D8-717541FB3564}.Release|Any CPU.Build.0 = Release|Any CPU
		{98ED8C7E-F561-4003-9A0A-5B995F9474B3}.Debug|Any CPU.ActiveCfg = Debug|Any CPU
		{98ED8C7E-F561-4003-9A0A-5B995F9474B3}.Debug|Any CPU.Build.0 = Debug|Any CPU
		{98ED8C7E-F561-4003-9A0A-5B995F9474B3}.Release|Any CPU.ActiveCfg = Release|Any CPU
		{98ED8C7E-F561-4003-9A0A-5B995F9474B3}.Release|Any CPU.Build.0 = Release|Any CPU
		{9C2F2DFE-7B03-4453-BA85-8751B6A481DF}.Debug|Any CPU.ActiveCfg = Debug|Any CPU
		{9C2F2DFE-7B03-4453-BA85-8751B6A481DF}.Debug|Any CPU.Build.0 = Debug|Any CPU
		{9C2F2DFE-7B03-4453-BA85-8751B6A481DF}.Release|Any CPU.ActiveCfg = Release|Any CPU
		{9C2F2DFE-7B03-4453-BA85-8751B6A481DF}.Release|Any CPU.Build.0 = Release|Any CPU
	EndGlobalSection
	GlobalSection(SolutionProperties) = preSolution
		HideSolutionNode = FALSE
	EndGlobalSection
	GlobalSection(ExtensibilityGlobals) = postSolution
		SolutionGuid = {4BFF00EB-7A42-4CBF-8C45-4DC28E9832BB}
	EndGlobalSection
EndGlobal
