
Microsoft Visual Studio Solution File, Format Version 12.00
# Visual Studio Version 17
VisualStudioVersion = 17.10.35013.160
MinimumVisualStudioVersion = 10.0.40219.1
Project("{9A19103F-16F7-4668-BE54-9A1E7A4F7556}") = "TaskManagement.Api", "TaskManagement.Api.csproj", "{06FF4918-70F6-4A34-9306-4FD39E346BB7}"
EndProject
Project("{9A19103F-16F7-4668-BE54-9A1E7A4F7556}") = "TaskManagement.Domain", "..\TaskManagement.Domain\TaskManagement.Domain.csproj", "{3CD5F1B5-16C0-4E64-9AE7-188DF6C1FAF2}"
EndProject
Project("{9A19103F-16F7-4668-BE54-9A1E7A4F7556}") = "TaskManagement.Infrastructure.MongoDB", "..\TaskManagement.Infrastructure.MongoDB\TaskManagement.Infrastructure.MongoDB.csproj", "{B4E57EF8-CBFA-4076-8A1B-4951BFE9CB36}"
EndProject
Project("{9A19103F-16F7-4668-BE54-9A1E7A4F7556}") = "TaskManagement.Application", "..\TaskManagement.Application\TaskManagement.Application.csproj", "{375F13DE-A2D3-405F-A9D8-717541FB3564}"
EndProject
Project("{9A19103F-16F7-4668-BE54-9A1E7A4F7556}") = "TaskManagement.Tests", "..\TaskManagement.Tests\TaskManagement.Tests.csproj", "{98ED8C7E-F561-4003-9A0A-5B995F9474B3}"
EndProject
Project("{9A19103F-16F7-4668-BE54-9A1E7A4F7556}") = "TaskManagement.CrossCutting", "..\TaskManagement.CrossCutting\TaskManagement.CrossCutting.csproj", "{9C2F2DFE-7B03-4453-BA85-8751B6A481DF}"
EndProject
Project("{2150E333-8FDC-42A3-9474-1A3956D46DE8}") = "Others", "Others", "{00763D91-7591-489A-8636-C5CB1AE648F3}"
	ProjectSection(SolutionItems) = preProject
		DuvidasPO.txt = DuvidasPO.txt
		MelhoriasTecnicas.txt = MelhoriasTecnicas.txt
	EndProjectSection
EndProject
Project("{FAE04EC0-301F-11D3-BF4B-00C04F79EFBC}") = "TaskManagement.Infrastructure.Permissioning", "..\TaskManagement.Infrastructure.Permissioning\TaskManagement.Infrastructure.Permissioning.csproj", "{D94448FB-5B6A-4343-9543-1F5AB7F48DEB}"
EndProject
Global
	GlobalSection(SolutionConfigurationPlatforms) = preSolution
		Debug|Any CPU = Debug|Any CPU
		Release|Any CPU = Release|Any CPU
	EndGlobalSection
	GlobalSection(ProjectConfigurationPlatforms) = postSolution
		{06FF4918-70F6-4A34-9306-4FD39E346BB7}.Debug|Any CPU.ActiveCfg = Debug|Any CPU
		{06FF4918-70F6-4A34-9306-4FD39E346BB7}.Debug|Any CPU.Build.0 = Debug|Any CPU
		{06FF4918-70F6-4A34-9306-4FD39E346BB7}.Release|Any CPU.ActiveCfg = Release|Any CPU
		{06FF4918-70F6-4A34-9306-4FD39E346BB7}.Release|Any CPU.Build.0 = Release|Any CPU
		{3CD5F1B5-16C0-4E64-9AE7-188DF6C1FAF2}.Debug|Any CPU.ActiveCfg = Debug|Any CPU
		{3CD5F1B5-16C0-4E64-9AE7-188DF6C1FAF2}.Debug|Any CPU.Build.0 = Debug|Any CPU
		{3CD5F1B5-16C0-4E64-9AE7-188DF6C1FAF2}.Release|Any CPU.ActiveCfg = Release|Any CPU
		{3CD5F1B5-16C0-4E64-9AE7-188DF6C1FAF2}.Release|Any CPU.Build.0 = Release|Any CPU
		{B4E57EF8-CBFA-4076-8A1B-4951BFE9CB36}.Debug|Any CPU.ActiveCfg = Debug|Any CPU
		{B4E57EF8-CBFA-4076-8A1B-4951BFE9CB36}.Debug|Any CPU.Build.0 = Debug|Any CPU
		{B4E57EF8-CBFA-4076-8A1B-4951BFE9CB36}.Release|Any CPU.ActiveCfg = Release|Any CPU
		{B4E57EF8-CBFA-4076-8A1B-4951BFE9CB36}.Release|Any CPU.Build.0 = Release|Any CPU
		{375F13DE-A2D3-405F-A9D8-717541FB3564}.Debug|Any CPU.ActiveCfg = Debug|Any CPU
		{375F13DE-A2D3-405F-A9D8-717541FB3564}.Debug|Any CPU.Build.0 = Debug|Any CPU
		{375F13DE-A2D3-405F-A9D8-717541FB3564}.Release|Any CPU.ActiveCfg = Release|Any CPU
		{375F13DE-A2D3-405F-A9D8-717541FB3564}.Release|Any CPU.Build.0 = Release|Any CPU
		{98ED8C7E-F561-4003-9A0A-5B995F9474B3}.Debug|Any CPU.ActiveCfg = Debug|Any CPU
		{98ED8C7E-F561-4003-9A0A-5B995F9474B3}.Debug|Any CPU.Build.0 = Debug|Any CPU
		{98ED8C7E-F561-4003-9A0A-5B995F9474B3}.Release|Any CPU.ActiveCfg = Release|Any CPU
		{98ED8C7E-F561-4003-9A0A-5B995F9474B3}.Release|Any CPU.Build.0 = Release|Any CPU
		{9C2F2DFE-7B03-4453-BA85-8751B6A481DF}.Debug|Any CPU.ActiveCfg = Debug|Any CPU
		{9C2F2DFE-7B03-4453-BA85-8751B6A481DF}.Debug|Any CPU.Build.0 = Debug|Any CPU
		{9C2F2DFE-7B03-4453-BA85-8751B6A481DF}.Release|Any CPU.ActiveCfg = Release|Any CPU
		{9C2F2DFE-7B03-4453-BA85-8751B6A481DF}.Release|Any CPU.Build.0 = Release|Any CPU
		{D94448FB-5B6A-4343-9543-1F5AB7F48DEB}.Debug|Any CPU.ActiveCfg = Debug|Any CPU
		{D94448FB-5B6A-4343-9543-1F5AB7F48DEB}.Debug|Any CPU.Build.0 = Debug|Any CPU
		{D94448FB-5B6A-4343-9543-1F5AB7F48DEB}.Release|Any CPU.ActiveCfg = Release|Any CPU
		{D94448FB-5B6A-4343-9543-1F5AB7F48DEB}.Release|Any CPU.Build.0 = Release|Any CPU
	EndGlobalSection
	GlobalSection(SolutionProperties) = preSolution
		HideSolutionNode = FALSE
	EndGlobalSection
	GlobalSection(ExtensibilityGlobals) = postSolution
		SolutionGuid = {4BFF00EB-7A42-4CBF-8C45-4DC28E9832BB}
	EndGlobalSection
EndGlobal
